// !$*UTF8*$!
{
	archiveVersion = 1;
	classes = {
	};
	objectVersion = 48;
	objects = {

/* Begin PBXBuildFile section */
		3C136505200A2C4200674726 /* CKMacros.m in Sources */ = {isa = PBXBuildFile; fileRef = 3C136504200A2C4200674726 /* CKMacros.m */; };
		3C13650C200A4D9E00674726 /* UIImageFieldView.m in Sources */ = {isa = PBXBuildFile; fileRef = 3C13650B200A4D9E00674726 /* UIImageFieldView.m */; };
		3C13651B200A5F6C00674726 /* icon_delect@2x.png in Resources */ = {isa = PBXBuildFile; fileRef = 3C136519200A5F6C00674726 /* icon_delect@2x.png */; };
		3C13651C200A5F6C00674726 /* icon_delect@3x.png in Resources */ = {isa = PBXBuildFile; fileRef = 3C13651A200A5F6C00674726 /* icon_delect@3x.png */; };
		3C136521200A605A00674726 /* icon_open_see@2x.png in Resources */ = {isa = PBXBuildFile; fileRef = 3C13651D200A605A00674726 /* icon_open_see@2x.png */; };
		3C136522200A605A00674726 /* icon_close_see@3x.png in Resources */ = {isa = PBXBuildFile; fileRef = 3C13651E200A605A00674726 /* icon_close_see@3x.png */; };
		3C136523200A605A00674726 /* icon_open_see@3x.png in Resources */ = {isa = PBXBuildFile; fileRef = 3C13651F200A605A00674726 /* icon_open_see@3x.png */; };
		3C136524200A605A00674726 /* icon_close_see@2x.png in Resources */ = {isa = PBXBuildFile; fileRef = 3C136520200A605A00674726 /* icon_close_see@2x.png */; };
		3C136527200A867200674726 /* icon_lock@3x.png in Resources */ = {isa = PBXBuildFile; fileRef = 3C136525200A867200674726 /* icon_lock@3x.png */; };
		3C136528200A867200674726 /* icon_lock@2x.png in Resources */ = {isa = PBXBuildFile; fileRef = 3C136526200A867200674726 /* icon_lock@2x.png */; };
		3C13652A200A86C500674726 /* LoginUIViewController.m in Sources */ = {isa = PBXBuildFile; fileRef = 3C136529200A86C400674726 /* LoginUIViewController.m */; };
		3C195E0E200B3E92000A938C /* icon_user@2x.png in Resources */ = {isa = PBXBuildFile; fileRef = 3C195E0C200B3E92000A938C /* icon_user@2x.png */; };
		3C195E0F200B3E92000A938C /* icon_user@3x.png in Resources */ = {isa = PBXBuildFile; fileRef = 3C195E0D200B3E92000A938C /* icon_user@3x.png */; };
		3C195E12200B3FDE000A938C /* UITubeButton.m in Sources */ = {isa = PBXBuildFile; fileRef = 3C195E11200B3FDE000A938C /* UITubeButton.m */; };
		3C195E15200B7F97000A938C /* RegisterViewController.m in Sources */ = {isa = PBXBuildFile; fileRef = 3C195E14200B7F97000A938C /* RegisterViewController.m */; };
		3C195E18200B900C000A938C /* TubeNavigationUITool.m in Sources */ = {isa = PBXBuildFile; fileRef = 3C195E17200B900C000A938C /* TubeNavigationUITool.m */; };
		3C195E1B200B9311000A938C /* icon_back@2x.png in Resources */ = {isa = PBXBuildFile; fileRef = 3C195E19200B9310000A938C /* icon_back@2x.png */; };
		3C195E1C200B9311000A938C /* icon_back@3x.png in Resources */ = {isa = PBXBuildFile; fileRef = 3C195E1A200B9311000A938C /* icon_back@3x.png */; };
		3C195E1F200B9C1E000A938C /* UIRectangleView.m in Sources */ = {isa = PBXBuildFile; fileRef = 3C195E1E200B9C1E000A938C /* UIRectangleView.m */; };
		3C195E22200B9E50000A938C /* icon_nick@2x.png in Resources */ = {isa = PBXBuildFile; fileRef = 3C195E20200B9E4F000A938C /* icon_nick@2x.png */; };
		3C195E23200B9E50000A938C /* icon_nick@3x.png in Resources */ = {isa = PBXBuildFile; fileRef = 3C195E21200B9E4F000A938C /* icon_nick@3x.png */; };
		3C195E36200BC52B000A938C /* icon_light_discover@3x.png in Resources */ = {isa = PBXBuildFile; fileRef = 3C195E26200BC528000A938C /* icon_light_discover@3x.png */; };
		3C195E37200BC52B000A938C /* icon_light_home@3x.png in Resources */ = {isa = PBXBuildFile; fileRef = 3C195E27200BC528000A938C /* icon_light_home@3x.png */; };
		3C195E38200BC52B000A938C /* icon_light_message@2x.png in Resources */ = {isa = PBXBuildFile; fileRef = 3C195E28200BC528000A938C /* icon_light_message@2x.png */; };
		3C195E39200BC52B000A938C /* icon_light_myself@3x.png in Resources */ = {isa = PBXBuildFile; fileRef = 3C195E29200BC529000A938C /* icon_light_myself@3x.png */; };
		3C195E3A200BC52B000A938C /* icon_normal_message@3x.png in Resources */ = {isa = PBXBuildFile; fileRef = 3C195E2A200BC529000A938C /* icon_normal_message@3x.png */; };
		3C195E3B200BC52B000A938C /* icon_light_home@2x.png in Resources */ = {isa = PBXBuildFile; fileRef = 3C195E2B200BC529000A938C /* icon_light_home@2x.png */; };
		3C195E3C200BC52B000A938C /* icon_normal_discover@2x.png in Resources */ = {isa = PBXBuildFile; fileRef = 3C195E2C200BC529000A938C /* icon_normal_discover@2x.png */; };
		3C195E3D200BC52B000A938C /* icon_normal_myself@2x.png in Resources */ = {isa = PBXBuildFile; fileRef = 3C195E2D200BC529000A938C /* icon_normal_myself@2x.png */; };
		3C195E3E200BC52B000A938C /* icon_normal_discover@3x.png in Resources */ = {isa = PBXBuildFile; fileRef = 3C195E2E200BC529000A938C /* icon_normal_discover@3x.png */; };
		3C195E3F200BC52B000A938C /* icon_light_message@3x.png in Resources */ = {isa = PBXBuildFile; fileRef = 3C195E2F200BC52A000A938C /* icon_light_message@3x.png */; };
		3C195E40200BC52B000A938C /* icon_light_myself@2x.png in Resources */ = {isa = PBXBuildFile; fileRef = 3C195E30200BC52A000A938C /* icon_light_myself@2x.png */; };
		3C195E41200BC52B000A938C /* icon_normal_message@2x.png in Resources */ = {isa = PBXBuildFile; fileRef = 3C195E31200BC52A000A938C /* icon_normal_message@2x.png */; };
		3C195E42200BC52B000A938C /* icon_normal_home@2x.png in Resources */ = {isa = PBXBuildFile; fileRef = 3C195E32200BC52A000A938C /* icon_normal_home@2x.png */; };
		3C195E43200BC52B000A938C /* icon_light_discover@2x.png in Resources */ = {isa = PBXBuildFile; fileRef = 3C195E33200BC52A000A938C /* icon_light_discover@2x.png */; };
		3C195E44200BC52B000A938C /* icon_normal_home@3x.png in Resources */ = {isa = PBXBuildFile; fileRef = 3C195E34200BC52A000A938C /* icon_normal_home@3x.png */; };
		3C195E45200BC52B000A938C /* icon_normal_myself@3x.png in Resources */ = {isa = PBXBuildFile; fileRef = 3C195E35200BC52B000A938C /* icon_normal_myself@3x.png */; };
		3C195E4C200BC692000A938C /* MyselfTabViewController.m in Sources */ = {isa = PBXBuildFile; fileRef = 3C195E4B200BC692000A938C /* MyselfTabViewController.m */; };
		3C195E4F200BC6A2000A938C /* MessageTabViewController.m in Sources */ = {isa = PBXBuildFile; fileRef = 3C195E4E200BC6A2000A938C /* MessageTabViewController.m */; };
		3C195E52200BC6B2000A938C /* DescoverTabViewController.m in Sources */ = {isa = PBXBuildFile; fileRef = 3C195E51200BC6B2000A938C /* DescoverTabViewController.m */; };
		3C195E55200BC6C0000A938C /* HomeTabViewController.m in Sources */ = {isa = PBXBuildFile; fileRef = 3C195E54200BC6C0000A938C /* HomeTabViewController.m */; };
		3C195E5D200BD2F6000A938C /* TubeRootViewController.m in Sources */ = {isa = PBXBuildFile; fileRef = 3C195E5C200BD2F6000A938C /* TubeRootViewController.m */; };
		3C195E67200CF019000A938C /* TubeMainTabBarController.m in Sources */ = {isa = PBXBuildFile; fileRef = 3C195E66200CF019000A938C /* TubeMainTabBarController.m */; };
		3C195E6A200CF3C9000A938C /* TubeBundleImageTool.m in Sources */ = {isa = PBXBuildFile; fileRef = 3C195E69200CF3C9000A938C /* TubeBundleImageTool.m */; };
		3C195E70200D0BE4000A938C /* UIView+TubeFrameMargin.m in Sources */ = {isa = PBXBuildFile; fileRef = 3C195E6F200D0BE4000A938C /* UIView+TubeFrameMargin.m */; };
		3C195E73200D1D08000A938C /* icon_add@3x.png in Resources */ = {isa = PBXBuildFile; fileRef = 3C195E71200D1D07000A938C /* icon_add@3x.png */; };
		3C195E74200D1D08000A938C /* icon_add@2x.png in Resources */ = {isa = PBXBuildFile; fileRef = 3C195E72200D1D08000A938C /* icon_add@2x.png */; };
		3C195E79200D1DC8000A938C /* ReleaseTabViewController.m in Sources */ = {isa = PBXBuildFile; fileRef = 3C195E78200D1DC8000A938C /* ReleaseTabViewController.m */; };
		3C195E7C200D2681000A938C /* UIImage+ScaleToSize.m in Sources */ = {isa = PBXBuildFile; fileRef = 3C195E7B200D2681000A938C /* UIImage+ScaleToSize.m */; };
		3C195E7F200D2B28000A938C /* ReleaseViewController.m in Sources */ = {isa = PBXBuildFile; fileRef = 3C195E7E200D2B28000A938C /* ReleaseViewController.m */; };
		3C195E82200DA45A000A938C /* UIIndicatorView.m in Sources */ = {isa = PBXBuildFile; fileRef = 3C195E81200DA45A000A938C /* UIIndicatorView.m */; };
		3C195E85200DACAF000A938C /* NSString+StringKit.m in Sources */ = {isa = PBXBuildFile; fileRef = 3C195E84200DACAF000A938C /* NSString+StringKit.m */; };
		3C195E8B200E2196000A938C /* UINavigationBar+CustomHeight.m in Sources */ = {isa = PBXBuildFile; fileRef = 3C195E8A200E2196000A938C /* UINavigationBar+CustomHeight.m */; };
		3C195E8E200E4A5F000A938C /* CKTextView.m in Sources */ = {isa = PBXBuildFile; fileRef = 3C195E8D200E4A5F000A938C /* CKTextView.m */; };
		3C195E91200E4AF3000A938C /* ChatKitSetting.m in Sources */ = {isa = PBXBuildFile; fileRef = 3C195E90200E4AF3000A938C /* ChatKitSetting.m */; };
		3C195E94200E4C7B000A938C /* UIView+Layout.m in Sources */ = {isa = PBXBuildFile; fileRef = 3C195E93200E4C7B000A938C /* UIView+Layout.m */; };
		3C195EC0200F2C16000A938C /* TubeToolBar.m in Sources */ = {isa = PBXBuildFile; fileRef = 3C195EBF200F2C16000A938C /* TubeToolBar.m */; };
		3C195FAE201320D7000A938C /* UITubeSearchView.m in Sources */ = {isa = PBXBuildFile; fileRef = 3C195FAD201320D7000A938C /* UITubeSearchView.m */; };
		3C195FB5201323D5000A938C /* icon_search@2x.png in Resources */ = {isa = PBXBuildFile; fileRef = 3C195FB3201323D5000A938C /* icon_search@2x.png */; };
		3C195FB6201323D5000A938C /* icon_search@3x.png in Resources */ = {isa = PBXBuildFile; fileRef = 3C195FB4201323D5000A938C /* icon_search@3x.png */; };
		3C195FBA20133C03000A938C /* UITubeHomeNavigationView.m in Sources */ = {isa = PBXBuildFile; fileRef = 3C195FB920133C03000A938C /* UITubeHomeNavigationView.m */; };
		3C195FBD20134DFF000A938C /* icon_add_ attention@2x.png in Resources */ = {isa = PBXBuildFile; fileRef = 3C195FBB20134DFF000A938C /* icon_add_ attention@2x.png */; };
		3C195FBE20134DFF000A938C /* icon_add_ attention@3x.png in Resources */ = {isa = PBXBuildFile; fileRef = 3C195FBC20134DFF000A938C /* icon_add_ attention@3x.png */; };
		3C195FC720137AFA000A938C /* NewestViewController.m in Sources */ = {isa = PBXBuildFile; fileRef = 3C195FC620137AFA000A938C /* NewestViewController.m */; };
		3C195FCA20137B0D000A938C /* RecommendViewController.m in Sources */ = {isa = PBXBuildFile; fileRef = 3C195FC920137B0D000A938C /* RecommendViewController.m */; };
		3C195FCD20137B1A000A938C /* AuthorViewController.m in Sources */ = {isa = PBXBuildFile; fileRef = 3C195FCC20137B1A000A938C /* AuthorViewController.m */; };
		3C195FD020137B25000A938C /* SerialViewController.m in Sources */ = {isa = PBXBuildFile; fileRef = 3C195FCF20137B25000A938C /* SerialViewController.m */; };
		3C195FD320137B31000A938C /* TopicViewController.m in Sources */ = {isa = PBXBuildFile; fileRef = 3C195FD220137B31000A938C /* TopicViewController.m */; };
		3C195FD620146871000A938C /* UIRefreshTableView.m in Sources */ = {isa = PBXBuildFile; fileRef = 3C195FD520146871000A938C /* UIRefreshTableView.m */; };
		3C195FDA20146C82000A938C /* icon_arrows@2x.png in Resources */ = {isa = PBXBuildFile; fileRef = 3C195FD820146C81000A938C /* icon_arrows@2x.png */; };
		3C195FDB20146C82000A938C /* icon_arrows@3x.png in Resources */ = {isa = PBXBuildFile; fileRef = 3C195FD920146C82000A938C /* icon_arrows@3x.png */; };
		3CA3BF68200923C400793F3D /* AppDelegate.m in Sources */ = {isa = PBXBuildFile; fileRef = 3CA3BF67200923C400793F3D /* AppDelegate.m */; };
		3CA3BF70200923C400793F3D /* Assets.xcassets in Resources */ = {isa = PBXBuildFile; fileRef = 3CA3BF6F200923C400793F3D /* Assets.xcassets */; };
		3CA3BF76200923C500793F3D /* main.m in Sources */ = {isa = PBXBuildFile; fileRef = 3CA3BF75200923C500793F3D /* main.m */; };
		3CA3BF80200923C500793F3D /* TubeBook_iOSTests.m in Sources */ = {isa = PBXBuildFile; fileRef = 3CA3BF7F200923C500793F3D /* TubeBook_iOSTests.m */; };
		3CA3BF8B200923C500793F3D /* TubeBook_iOSUITests.m in Sources */ = {isa = PBXBuildFile; fileRef = 3CA3BF8A200923C500793F3D /* TubeBook_iOSUITests.m */; };
		EDE84E122D529A6CB978A674 /* libPods-TubeBook_iOS.a in Frameworks */ = {isa = PBXBuildFile; fileRef = 2567840B84BD0DEFDDB61B94 /* libPods-TubeBook_iOS.a */; };
/* End PBXBuildFile section */

/* Begin PBXContainerItemProxy section */
		3CA3BF7C200923C500793F3D /* PBXContainerItemProxy */ = {
			isa = PBXContainerItemProxy;
			containerPortal = 3CA3BF5B200923C400793F3D /* Project object */;
			proxyType = 1;
			remoteGlobalIDString = 3CA3BF62200923C400793F3D;
			remoteInfo = TubeBook_iOS;
		};
		3CA3BF87200923C500793F3D /* PBXContainerItemProxy */ = {
			isa = PBXContainerItemProxy;
			containerPortal = 3CA3BF5B200923C400793F3D /* Project object */;
			proxyType = 1;
			remoteGlobalIDString = 3CA3BF62200923C400793F3D;
			remoteInfo = TubeBook_iOS;
		};
/* End PBXContainerItemProxy section */

/* Begin PBXFileReference section */
		1EA01C83617FF5AE12BB0DE8 /* Pods-TubeBook_iOS.release.xcconfig */ = {isa = PBXFileReference; includeInIndex = 1; lastKnownFileType = text.xcconfig; name = "Pods-TubeBook_iOS.release.xcconfig"; path = "Pods/Target Support Files/Pods-TubeBook_iOS/Pods-TubeBook_iOS.release.xcconfig"; sourceTree = "<group>"; };
		2567840B84BD0DEFDDB61B94 /* libPods-TubeBook_iOS.a */ = {isa = PBXFileReference; explicitFileType = archive.ar; includeInIndex = 0; path = "libPods-TubeBook_iOS.a"; sourceTree = BUILT_PRODUCTS_DIR; };
		3C136503200A2C4200674726 /* CKMacros.h */ = {isa = PBXFileReference; lastKnownFileType = sourcecode.c.h; path = CKMacros.h; sourceTree = "<group>"; };
		3C136504200A2C4200674726 /* CKMacros.m */ = {isa = PBXFileReference; lastKnownFileType = sourcecode.c.objc; path = CKMacros.m; sourceTree = "<group>"; };
		3C136506200A4B7B00674726 /* LoginUIViewController.h */ = {isa = PBXFileReference; lastKnownFileType = sourcecode.c.h; path = LoginUIViewController.h; sourceTree = "<group>"; };
		3C13650A200A4D9E00674726 /* UIImageFieldView.h */ = {isa = PBXFileReference; lastKnownFileType = sourcecode.c.h; path = UIImageFieldView.h; sourceTree = "<group>"; };
		3C13650B200A4D9E00674726 /* UIImageFieldView.m */ = {isa = PBXFileReference; lastKnownFileType = sourcecode.c.objc; path = UIImageFieldView.m; sourceTree = "<group>"; };
		3C136519200A5F6C00674726 /* icon_delect@2x.png */ = {isa = PBXFileReference; lastKnownFileType = image.png; name = "icon_delect@2x.png"; path = "../../../../../界面设计/login_icon/icon_delect@2x.png"; sourceTree = "<group>"; };
		3C13651A200A5F6C00674726 /* icon_delect@3x.png */ = {isa = PBXFileReference; lastKnownFileType = image.png; name = "icon_delect@3x.png"; path = "../../../../../界面设计/login_icon/icon_delect@3x.png"; sourceTree = "<group>"; };
		3C13651D200A605A00674726 /* icon_open_see@2x.png */ = {isa = PBXFileReference; lastKnownFileType = image.png; path = "icon_open_see@2x.png"; sourceTree = "<group>"; };
		3C13651E200A605A00674726 /* icon_close_see@3x.png */ = {isa = PBXFileReference; lastKnownFileType = image.png; path = "icon_close_see@3x.png"; sourceTree = "<group>"; };
		3C13651F200A605A00674726 /* icon_open_see@3x.png */ = {isa = PBXFileReference; lastKnownFileType = image.png; path = "icon_open_see@3x.png"; sourceTree = "<group>"; };
		3C136520200A605A00674726 /* icon_close_see@2x.png */ = {isa = PBXFileReference; lastKnownFileType = image.png; path = "icon_close_see@2x.png"; sourceTree = "<group>"; };
		3C136525200A867200674726 /* icon_lock@3x.png */ = {isa = PBXFileReference; lastKnownFileType = image.png; path = "icon_lock@3x.png"; sourceTree = "<group>"; };
		3C136526200A867200674726 /* icon_lock@2x.png */ = {isa = PBXFileReference; lastKnownFileType = image.png; path = "icon_lock@2x.png"; sourceTree = "<group>"; };
		3C136529200A86C400674726 /* LoginUIViewController.m */ = {isa = PBXFileReference; fileEncoding = 4; lastKnownFileType = sourcecode.c.objc; path = LoginUIViewController.m; sourceTree = "<group>"; };
		3C195E0C200B3E92000A938C /* icon_user@2x.png */ = {isa = PBXFileReference; lastKnownFileType = image.png; path = "icon_user@2x.png"; sourceTree = "<group>"; };
		3C195E0D200B3E92000A938C /* icon_user@3x.png */ = {isa = PBXFileReference; lastKnownFileType = image.png; path = "icon_user@3x.png"; sourceTree = "<group>"; };
		3C195E10200B3FDE000A938C /* UITubeButton.h */ = {isa = PBXFileReference; lastKnownFileType = sourcecode.c.h; path = UITubeButton.h; sourceTree = "<group>"; };
		3C195E11200B3FDE000A938C /* UITubeButton.m */ = {isa = PBXFileReference; lastKnownFileType = sourcecode.c.objc; path = UITubeButton.m; sourceTree = "<group>"; };
		3C195E13200B7F97000A938C /* RegisterViewController.h */ = {isa = PBXFileReference; lastKnownFileType = sourcecode.c.h; path = RegisterViewController.h; sourceTree = "<group>"; };
		3C195E14200B7F97000A938C /* RegisterViewController.m */ = {isa = PBXFileReference; lastKnownFileType = sourcecode.c.objc; path = RegisterViewController.m; sourceTree = "<group>"; };
		3C195E16200B900C000A938C /* TubeNavigationUITool.h */ = {isa = PBXFileReference; lastKnownFileType = sourcecode.c.h; path = TubeNavigationUITool.h; sourceTree = "<group>"; };
		3C195E17200B900C000A938C /* TubeNavigationUITool.m */ = {isa = PBXFileReference; lastKnownFileType = sourcecode.c.objc; path = TubeNavigationUITool.m; sourceTree = "<group>"; };
		3C195E19200B9310000A938C /* icon_back@2x.png */ = {isa = PBXFileReference; lastKnownFileType = image.png; path = "icon_back@2x.png"; sourceTree = "<group>"; };
		3C195E1A200B9311000A938C /* icon_back@3x.png */ = {isa = PBXFileReference; lastKnownFileType = image.png; path = "icon_back@3x.png"; sourceTree = "<group>"; };
		3C195E1D200B9C1E000A938C /* UIRectangleView.h */ = {isa = PBXFileReference; lastKnownFileType = sourcecode.c.h; path = UIRectangleView.h; sourceTree = "<group>"; };
		3C195E1E200B9C1E000A938C /* UIRectangleView.m */ = {isa = PBXFileReference; lastKnownFileType = sourcecode.c.objc; path = UIRectangleView.m; sourceTree = "<group>"; };
		3C195E20200B9E4F000A938C /* icon_nick@2x.png */ = {isa = PBXFileReference; lastKnownFileType = image.png; path = "icon_nick@2x.png"; sourceTree = "<group>"; };
		3C195E21200B9E4F000A938C /* icon_nick@3x.png */ = {isa = PBXFileReference; lastKnownFileType = image.png; path = "icon_nick@3x.png"; sourceTree = "<group>"; };
		3C195E26200BC528000A938C /* icon_light_discover@3x.png */ = {isa = PBXFileReference; lastKnownFileType = image.png; path = "icon_light_discover@3x.png"; sourceTree = "<group>"; };
		3C195E27200BC528000A938C /* icon_light_home@3x.png */ = {isa = PBXFileReference; lastKnownFileType = image.png; path = "icon_light_home@3x.png"; sourceTree = "<group>"; };
		3C195E28200BC528000A938C /* icon_light_message@2x.png */ = {isa = PBXFileReference; lastKnownFileType = image.png; path = "icon_light_message@2x.png"; sourceTree = "<group>"; };
		3C195E29200BC529000A938C /* icon_light_myself@3x.png */ = {isa = PBXFileReference; lastKnownFileType = image.png; path = "icon_light_myself@3x.png"; sourceTree = "<group>"; };
		3C195E2A200BC529000A938C /* icon_normal_message@3x.png */ = {isa = PBXFileReference; lastKnownFileType = image.png; path = "icon_normal_message@3x.png"; sourceTree = "<group>"; };
		3C195E2B200BC529000A938C /* icon_light_home@2x.png */ = {isa = PBXFileReference; lastKnownFileType = image.png; path = "icon_light_home@2x.png"; sourceTree = "<group>"; };
		3C195E2C200BC529000A938C /* icon_normal_discover@2x.png */ = {isa = PBXFileReference; lastKnownFileType = image.png; path = "icon_normal_discover@2x.png"; sourceTree = "<group>"; };
		3C195E2D200BC529000A938C /* icon_normal_myself@2x.png */ = {isa = PBXFileReference; lastKnownFileType = image.png; path = "icon_normal_myself@2x.png"; sourceTree = "<group>"; };
		3C195E2E200BC529000A938C /* icon_normal_discover@3x.png */ = {isa = PBXFileReference; lastKnownFileType = image.png; path = "icon_normal_discover@3x.png"; sourceTree = "<group>"; };
		3C195E2F200BC52A000A938C /* icon_light_message@3x.png */ = {isa = PBXFileReference; lastKnownFileType = image.png; path = "icon_light_message@3x.png"; sourceTree = "<group>"; };
		3C195E30200BC52A000A938C /* icon_light_myself@2x.png */ = {isa = PBXFileReference; lastKnownFileType = image.png; path = "icon_light_myself@2x.png"; sourceTree = "<group>"; };
		3C195E31200BC52A000A938C /* icon_normal_message@2x.png */ = {isa = PBXFileReference; lastKnownFileType = image.png; path = "icon_normal_message@2x.png"; sourceTree = "<group>"; };
		3C195E32200BC52A000A938C /* icon_normal_home@2x.png */ = {isa = PBXFileReference; lastKnownFileType = image.png; path = "icon_normal_home@2x.png"; sourceTree = "<group>"; };
		3C195E33200BC52A000A938C /* icon_light_discover@2x.png */ = {isa = PBXFileReference; lastKnownFileType = image.png; path = "icon_light_discover@2x.png"; sourceTree = "<group>"; };
		3C195E34200BC52A000A938C /* icon_normal_home@3x.png */ = {isa = PBXFileReference; lastKnownFileType = image.png; path = "icon_normal_home@3x.png"; sourceTree = "<group>"; };
		3C195E35200BC52B000A938C /* icon_normal_myself@3x.png */ = {isa = PBXFileReference; lastKnownFileType = image.png; path = "icon_normal_myself@3x.png"; sourceTree = "<group>"; };
		3C195E4A200BC692000A938C /* MyselfTabViewController.h */ = {isa = PBXFileReference; lastKnownFileType = sourcecode.c.h; path = MyselfTabViewController.h; sourceTree = "<group>"; };
		3C195E4B200BC692000A938C /* MyselfTabViewController.m */ = {isa = PBXFileReference; lastKnownFileType = sourcecode.c.objc; path = MyselfTabViewController.m; sourceTree = "<group>"; };
		3C195E4D200BC6A2000A938C /* MessageTabViewController.h */ = {isa = PBXFileReference; lastKnownFileType = sourcecode.c.h; path = MessageTabViewController.h; sourceTree = "<group>"; };
		3C195E4E200BC6A2000A938C /* MessageTabViewController.m */ = {isa = PBXFileReference; lastKnownFileType = sourcecode.c.objc; path = MessageTabViewController.m; sourceTree = "<group>"; };
		3C195E50200BC6B2000A938C /* DescoverTabViewController.h */ = {isa = PBXFileReference; lastKnownFileType = sourcecode.c.h; path = DescoverTabViewController.h; sourceTree = "<group>"; };
		3C195E51200BC6B2000A938C /* DescoverTabViewController.m */ = {isa = PBXFileReference; lastKnownFileType = sourcecode.c.objc; path = DescoverTabViewController.m; sourceTree = "<group>"; };
		3C195E53200BC6C0000A938C /* HomeTabViewController.h */ = {isa = PBXFileReference; lastKnownFileType = sourcecode.c.h; path = HomeTabViewController.h; sourceTree = "<group>"; };
		3C195E54200BC6C0000A938C /* HomeTabViewController.m */ = {isa = PBXFileReference; lastKnownFileType = sourcecode.c.objc; path = HomeTabViewController.m; sourceTree = "<group>"; };
		3C195E5B200BD2F6000A938C /* TubeRootViewController.h */ = {isa = PBXFileReference; lastKnownFileType = sourcecode.c.h; path = TubeRootViewController.h; sourceTree = "<group>"; };
		3C195E5C200BD2F6000A938C /* TubeRootViewController.m */ = {isa = PBXFileReference; lastKnownFileType = sourcecode.c.objc; path = TubeRootViewController.m; sourceTree = "<group>"; };
		3C195E65200CF019000A938C /* TubeMainTabBarController.h */ = {isa = PBXFileReference; lastKnownFileType = sourcecode.c.h; path = TubeMainTabBarController.h; sourceTree = "<group>"; };
		3C195E66200CF019000A938C /* TubeMainTabBarController.m */ = {isa = PBXFileReference; lastKnownFileType = sourcecode.c.objc; path = TubeMainTabBarController.m; sourceTree = "<group>"; };
		3C195E68200CF3C9000A938C /* TubeBundleImageTool.h */ = {isa = PBXFileReference; lastKnownFileType = sourcecode.c.h; path = TubeBundleImageTool.h; sourceTree = "<group>"; };
		3C195E69200CF3C9000A938C /* TubeBundleImageTool.m */ = {isa = PBXFileReference; lastKnownFileType = sourcecode.c.objc; path = TubeBundleImageTool.m; sourceTree = "<group>"; };
		3C195E6E200D0BE4000A938C /* UIView+TubeFrameMargin.h */ = {isa = PBXFileReference; lastKnownFileType = sourcecode.c.h; path = "UIView+TubeFrameMargin.h"; sourceTree = "<group>"; };
		3C195E6F200D0BE4000A938C /* UIView+TubeFrameMargin.m */ = {isa = PBXFileReference; lastKnownFileType = sourcecode.c.objc; path = "UIView+TubeFrameMargin.m"; sourceTree = "<group>"; };
		3C195E71200D1D07000A938C /* icon_add@3x.png */ = {isa = PBXFileReference; lastKnownFileType = image.png; path = "icon_add@3x.png"; sourceTree = "<group>"; };
		3C195E72200D1D08000A938C /* icon_add@2x.png */ = {isa = PBXFileReference; lastKnownFileType = image.png; path = "icon_add@2x.png"; sourceTree = "<group>"; };
		3C195E77200D1DC8000A938C /* ReleaseTabViewController.h */ = {isa = PBXFileReference; lastKnownFileType = sourcecode.c.h; path = ReleaseTabViewController.h; sourceTree = "<group>"; };
		3C195E78200D1DC8000A938C /* ReleaseTabViewController.m */ = {isa = PBXFileReference; lastKnownFileType = sourcecode.c.objc; path = ReleaseTabViewController.m; sourceTree = "<group>"; };
		3C195E7A200D2681000A938C /* UIImage+ScaleToSize.h */ = {isa = PBXFileReference; lastKnownFileType = sourcecode.c.h; path = "UIImage+ScaleToSize.h"; sourceTree = "<group>"; };
		3C195E7B200D2681000A938C /* UIImage+ScaleToSize.m */ = {isa = PBXFileReference; lastKnownFileType = sourcecode.c.objc; path = "UIImage+ScaleToSize.m"; sourceTree = "<group>"; };
		3C195E7D200D2B28000A938C /* ReleaseViewController.h */ = {isa = PBXFileReference; lastKnownFileType = sourcecode.c.h; path = ReleaseViewController.h; sourceTree = "<group>"; };
		3C195E7E200D2B28000A938C /* ReleaseViewController.m */ = {isa = PBXFileReference; lastKnownFileType = sourcecode.c.objc; path = ReleaseViewController.m; sourceTree = "<group>"; };
		3C195E80200DA45A000A938C /* UIIndicatorView.h */ = {isa = PBXFileReference; lastKnownFileType = sourcecode.c.h; path = UIIndicatorView.h; sourceTree = "<group>"; };
		3C195E81200DA45A000A938C /* UIIndicatorView.m */ = {isa = PBXFileReference; lastKnownFileType = sourcecode.c.objc; path = UIIndicatorView.m; sourceTree = "<group>"; };
		3C195E83200DACAF000A938C /* NSString+StringKit.h */ = {isa = PBXFileReference; lastKnownFileType = sourcecode.c.h; path = "NSString+StringKit.h"; sourceTree = "<group>"; };
		3C195E84200DACAF000A938C /* NSString+StringKit.m */ = {isa = PBXFileReference; lastKnownFileType = sourcecode.c.objc; path = "NSString+StringKit.m"; sourceTree = "<group>"; };
		3C195E89200E2196000A938C /* UINavigationBar+CustomHeight.h */ = {isa = PBXFileReference; lastKnownFileType = sourcecode.c.h; path = "UINavigationBar+CustomHeight.h"; sourceTree = "<group>"; };
		3C195E8A200E2196000A938C /* UINavigationBar+CustomHeight.m */ = {isa = PBXFileReference; lastKnownFileType = sourcecode.c.objc; path = "UINavigationBar+CustomHeight.m"; sourceTree = "<group>"; };
		3C195E8C200E4A5F000A938C /* CKTextView.h */ = {isa = PBXFileReference; lastKnownFileType = sourcecode.c.h; path = CKTextView.h; sourceTree = "<group>"; };
		3C195E8D200E4A5F000A938C /* CKTextView.m */ = {isa = PBXFileReference; lastKnownFileType = sourcecode.c.objc; path = CKTextView.m; sourceTree = "<group>"; };
		3C195E8F200E4AF3000A938C /* ChatKitSetting.h */ = {isa = PBXFileReference; lastKnownFileType = sourcecode.c.h; path = ChatKitSetting.h; sourceTree = "<group>"; };
		3C195E90200E4AF3000A938C /* ChatKitSetting.m */ = {isa = PBXFileReference; lastKnownFileType = sourcecode.c.objc; path = ChatKitSetting.m; sourceTree = "<group>"; };
		3C195E92200E4C7B000A938C /* UIView+Layout.h */ = {isa = PBXFileReference; lastKnownFileType = sourcecode.c.h; path = "UIView+Layout.h"; sourceTree = "<group>"; };
		3C195E93200E4C7B000A938C /* UIView+Layout.m */ = {isa = PBXFileReference; lastKnownFileType = sourcecode.c.objc; path = "UIView+Layout.m"; sourceTree = "<group>"; };
		3C195EBE200F2C16000A938C /* TubeToolBar.h */ = {isa = PBXFileReference; lastKnownFileType = sourcecode.c.h; path = TubeToolBar.h; sourceTree = "<group>"; };
		3C195EBF200F2C16000A938C /* TubeToolBar.m */ = {isa = PBXFileReference; lastKnownFileType = sourcecode.c.objc; path = TubeToolBar.m; sourceTree = "<group>"; };
		3C195FAC201320D7000A938C /* UITubeSearchView.h */ = {isa = PBXFileReference; lastKnownFileType = sourcecode.c.h; path = UITubeSearchView.h; sourceTree = "<group>"; };
		3C195FAD201320D7000A938C /* UITubeSearchView.m */ = {isa = PBXFileReference; lastKnownFileType = sourcecode.c.objc; path = UITubeSearchView.m; sourceTree = "<group>"; };
		3C195FB3201323D5000A938C /* icon_search@2x.png */ = {isa = PBXFileReference; lastKnownFileType = image.png; path = "icon_search@2x.png"; sourceTree = "<group>"; };
		3C195FB4201323D5000A938C /* icon_search@3x.png */ = {isa = PBXFileReference; lastKnownFileType = image.png; path = "icon_search@3x.png"; sourceTree = "<group>"; };
		3C195FB820133C03000A938C /* UITubeHomeNavigationView.h */ = {isa = PBXFileReference; lastKnownFileType = sourcecode.c.h; path = UITubeHomeNavigationView.h; sourceTree = "<group>"; };
		3C195FB920133C03000A938C /* UITubeHomeNavigationView.m */ = {isa = PBXFileReference; lastKnownFileType = sourcecode.c.objc; path = UITubeHomeNavigationView.m; sourceTree = "<group>"; };
		3C195FBB20134DFF000A938C /* icon_add_ attention@2x.png */ = {isa = PBXFileReference; lastKnownFileType = image.png; path = "icon_add_ attention@2x.png"; sourceTree = "<group>"; };
		3C195FBC20134DFF000A938C /* icon_add_ attention@3x.png */ = {isa = PBXFileReference; lastKnownFileType = image.png; path = "icon_add_ attention@3x.png"; sourceTree = "<group>"; };
		3C195FC520137AFA000A938C /* NewestViewController.h */ = {isa = PBXFileReference; lastKnownFileType = sourcecode.c.h; path = NewestViewController.h; sourceTree = "<group>"; };
		3C195FC620137AFA000A938C /* NewestViewController.m */ = {isa = PBXFileReference; lastKnownFileType = sourcecode.c.objc; path = NewestViewController.m; sourceTree = "<group>"; };
		3C195FC820137B0D000A938C /* RecommendViewController.h */ = {isa = PBXFileReference; lastKnownFileType = sourcecode.c.h; path = RecommendViewController.h; sourceTree = "<group>"; };
		3C195FC920137B0D000A938C /* RecommendViewController.m */ = {isa = PBXFileReference; lastKnownFileType = sourcecode.c.objc; path = RecommendViewController.m; sourceTree = "<group>"; };
		3C195FCB20137B1A000A938C /* AuthorViewController.h */ = {isa = PBXFileReference; lastKnownFileType = sourcecode.c.h; path = AuthorViewController.h; sourceTree = "<group>"; };
		3C195FCC20137B1A000A938C /* AuthorViewController.m */ = {isa = PBXFileReference; lastKnownFileType = sourcecode.c.objc; path = AuthorViewController.m; sourceTree = "<group>"; };
		3C195FCE20137B25000A938C /* SerialViewController.h */ = {isa = PBXFileReference; lastKnownFileType = sourcecode.c.h; path = SerialViewController.h; sourceTree = "<group>"; };
		3C195FCF20137B25000A938C /* SerialViewController.m */ = {isa = PBXFileReference; lastKnownFileType = sourcecode.c.objc; path = SerialViewController.m; sourceTree = "<group>"; };
		3C195FD120137B31000A938C /* TopicViewController.h */ = {isa = PBXFileReference; lastKnownFileType = sourcecode.c.h; path = TopicViewController.h; sourceTree = "<group>"; };
		3C195FD220137B31000A938C /* TopicViewController.m */ = {isa = PBXFileReference; lastKnownFileType = sourcecode.c.objc; path = TopicViewController.m; sourceTree = "<group>"; };
		3C195FD420146871000A938C /* UIRefreshTableView.h */ = {isa = PBXFileReference; lastKnownFileType = sourcecode.c.h; path = UIRefreshTableView.h; sourceTree = "<group>"; };
		3C195FD520146871000A938C /* UIRefreshTableView.m */ = {isa = PBXFileReference; lastKnownFileType = sourcecode.c.objc; path = UIRefreshTableView.m; sourceTree = "<group>"; };
		3C195FD820146C81000A938C /* icon_arrows@2x.png */ = {isa = PBXFileReference; lastKnownFileType = image.png; path = "icon_arrows@2x.png"; sourceTree = "<group>"; };
		3C195FD920146C82000A938C /* icon_arrows@3x.png */ = {isa = PBXFileReference; lastKnownFileType = image.png; path = "icon_arrows@3x.png"; sourceTree = "<group>"; };
		3CA3BF63200923C400793F3D /* TubeBook_iOS.app */ = {isa = PBXFileReference; explicitFileType = wrapper.application; includeInIndex = 0; path = TubeBook_iOS.app; sourceTree = BUILT_PRODUCTS_DIR; };
		3CA3BF66200923C400793F3D /* AppDelegate.h */ = {isa = PBXFileReference; lastKnownFileType = sourcecode.c.h; path = AppDelegate.h; sourceTree = "<group>"; };
		3CA3BF67200923C400793F3D /* AppDelegate.m */ = {isa = PBXFileReference; lastKnownFileType = sourcecode.c.objc; path = AppDelegate.m; sourceTree = "<group>"; };
		3CA3BF6F200923C400793F3D /* Assets.xcassets */ = {isa = PBXFileReference; lastKnownFileType = folder.assetcatalog; path = Assets.xcassets; sourceTree = "<group>"; };
		3CA3BF74200923C500793F3D /* Info.plist */ = {isa = PBXFileReference; lastKnownFileType = text.plist.xml; path = Info.plist; sourceTree = "<group>"; };
		3CA3BF75200923C500793F3D /* main.m */ = {isa = PBXFileReference; lastKnownFileType = sourcecode.c.objc; path = main.m; sourceTree = "<group>"; };
		3CA3BF7B200923C500793F3D /* TubeBook_iOSTests.xctest */ = {isa = PBXFileReference; explicitFileType = wrapper.cfbundle; includeInIndex = 0; path = TubeBook_iOSTests.xctest; sourceTree = BUILT_PRODUCTS_DIR; };
		3CA3BF7F200923C500793F3D /* TubeBook_iOSTests.m */ = {isa = PBXFileReference; lastKnownFileType = sourcecode.c.objc; path = TubeBook_iOSTests.m; sourceTree = "<group>"; };
		3CA3BF81200923C500793F3D /* Info.plist */ = {isa = PBXFileReference; lastKnownFileType = text.plist.xml; path = Info.plist; sourceTree = "<group>"; };
		3CA3BF86200923C500793F3D /* TubeBook_iOSUITests.xctest */ = {isa = PBXFileReference; explicitFileType = wrapper.cfbundle; includeInIndex = 0; path = TubeBook_iOSUITests.xctest; sourceTree = BUILT_PRODUCTS_DIR; };
		3CA3BF8A200923C500793F3D /* TubeBook_iOSUITests.m */ = {isa = PBXFileReference; lastKnownFileType = sourcecode.c.objc; path = TubeBook_iOSUITests.m; sourceTree = "<group>"; };
		3CA3BF8C200923C500793F3D /* Info.plist */ = {isa = PBXFileReference; lastKnownFileType = text.plist.xml; path = Info.plist; sourceTree = "<group>"; };
		F4DE45391D20C470D10392BD /* Pods-TubeBook_iOS.debug.xcconfig */ = {isa = PBXFileReference; includeInIndex = 1; lastKnownFileType = text.xcconfig; name = "Pods-TubeBook_iOS.debug.xcconfig"; path = "Pods/Target Support Files/Pods-TubeBook_iOS/Pods-TubeBook_iOS.debug.xcconfig"; sourceTree = "<group>"; };
/* End PBXFileReference section */

/* Begin PBXFrameworksBuildPhase section */
		3CA3BF60200923C400793F3D /* Frameworks */ = {
			isa = PBXFrameworksBuildPhase;
			buildActionMask = 2147483647;
			files = (
				EDE84E122D529A6CB978A674 /* libPods-TubeBook_iOS.a in Frameworks */,
			);
			runOnlyForDeploymentPostprocessing = 0;
		};
		3CA3BF78200923C500793F3D /* Frameworks */ = {
			isa = PBXFrameworksBuildPhase;
			buildActionMask = 2147483647;
			files = (
			);
			runOnlyForDeploymentPostprocessing = 0;
		};
		3CA3BF83200923C500793F3D /* Frameworks */ = {
			isa = PBXFrameworksBuildPhase;
			buildActionMask = 2147483647;
			files = (
			);
			runOnlyForDeploymentPostprocessing = 0;
		};
/* End PBXFrameworksBuildPhase section */

/* Begin PBXGroup section */
		3C136509200A4C2700674726 /* CustomView */ = {
			isa = PBXGroup;
			children = (
				3C13650A200A4D9E00674726 /* UIImageFieldView.h */,
				3C13650B200A4D9E00674726 /* UIImageFieldView.m */,
				3C195E10200B3FDE000A938C /* UITubeButton.h */,
				3C195E11200B3FDE000A938C /* UITubeButton.m */,
				3C195E16200B900C000A938C /* TubeNavigationUITool.h */,
				3C195E17200B900C000A938C /* TubeNavigationUITool.m */,
				3C195E1D200B9C1E000A938C /* UIRectangleView.h */,
				3C195E1E200B9C1E000A938C /* UIRectangleView.m */,
				3C195E80200DA45A000A938C /* UIIndicatorView.h */,
				3C195E81200DA45A000A938C /* UIIndicatorView.m */,
				3C195E8C200E4A5F000A938C /* CKTextView.h */,
				3C195E8D200E4A5F000A938C /* CKTextView.m */,
				3C195EBE200F2C16000A938C /* TubeToolBar.h */,
				3C195EBF200F2C16000A938C /* TubeToolBar.m */,
				3C195FAC201320D7000A938C /* UITubeSearchView.h */,
				3C195FAD201320D7000A938C /* UITubeSearchView.m */,
				3C195FD420146871000A938C /* UIRefreshTableView.h */,
				3C195FD520146871000A938C /* UIRefreshTableView.m */,
			);
			path = CustomView;
			sourceTree = "<group>";
		};
		3C195E24200BC4D3000A938C /* tab */ = {
			isa = PBXGroup;
			children = (
				3C195E33200BC52A000A938C /* icon_light_discover@2x.png */,
				3C195E26200BC528000A938C /* icon_light_discover@3x.png */,
				3C195E2B200BC529000A938C /* icon_light_home@2x.png */,
				3C195E27200BC528000A938C /* icon_light_home@3x.png */,
				3C195E28200BC528000A938C /* icon_light_message@2x.png */,
				3C195E2F200BC52A000A938C /* icon_light_message@3x.png */,
				3C195E30200BC52A000A938C /* icon_light_myself@2x.png */,
				3C195E29200BC529000A938C /* icon_light_myself@3x.png */,
				3C195E2C200BC529000A938C /* icon_normal_discover@2x.png */,
				3C195E2E200BC529000A938C /* icon_normal_discover@3x.png */,
				3C195E32200BC52A000A938C /* icon_normal_home@2x.png */,
				3C195E34200BC52A000A938C /* icon_normal_home@3x.png */,
				3C195E31200BC52A000A938C /* icon_normal_message@2x.png */,
				3C195E2A200BC529000A938C /* icon_normal_message@3x.png */,
				3C195E2D200BC529000A938C /* icon_normal_myself@2x.png */,
				3C195E35200BC52B000A938C /* icon_normal_myself@3x.png */,
				3C195E72200D1D08000A938C /* icon_add@2x.png */,
				3C195E71200D1D07000A938C /* icon_add@3x.png */,
			);
			path = tab;
			sourceTree = "<group>";
		};
		3C195E25200BC503000A938C /* home */ = {
			isa = PBXGroup;
			children = (
				3C195FBC20134DFF000A938C /* icon_add_ attention@3x.png */,
				3C195FBB20134DFF000A938C /* icon_add_ attention@2x.png */,
				3C195FB4201323D5000A938C /* icon_search@3x.png */,
				3C195FB3201323D5000A938C /* icon_search@2x.png */,
			);
			path = home;
			sourceTree = "<group>";
		};
		3C195E47200BC617000A938C /* Descover */ = {
			isa = PBXGroup;
			children = (
				3C195E50200BC6B2000A938C /* DescoverTabViewController.h */,
				3C195E51200BC6B2000A938C /* DescoverTabViewController.m */,
			);
			path = Descover;
			sourceTree = "<group>";
		};
		3C195E48200BC63D000A938C /* Message */ = {
			isa = PBXGroup;
			children = (
				3C195E4D200BC6A2000A938C /* MessageTabViewController.h */,
				3C195E4E200BC6A2000A938C /* MessageTabViewController.m */,
			);
			path = Message;
			sourceTree = "<group>";
		};
		3C195E49200BC648000A938C /* Myself */ = {
			isa = PBXGroup;
			children = (
				3C195E4A200BC692000A938C /* MyselfTabViewController.h */,
				3C195E4B200BC692000A938C /* MyselfTabViewController.m */,
			);
			path = Myself;
			sourceTree = "<group>";
		};
		3C195E56200BCD5B000A938C /* Home */ = {
			isa = PBXGroup;
			children = (
				3C195E53200BC6C0000A938C /* HomeTabViewController.h */,
				3C195E54200BC6C0000A938C /* HomeTabViewController.m */,
				3C195FB820133C03000A938C /* UITubeHomeNavigationView.h */,
				3C195FB920133C03000A938C /* UITubeHomeNavigationView.m */,
			);
			path = Home;
			sourceTree = "<group>";
		};
		3C195E57200BD0E1000A938C /* TubeUIKit */ = {
			isa = PBXGroup;
			children = (
				3C195E5B200BD2F6000A938C /* TubeRootViewController.h */,
				3C195E5C200BD2F6000A938C /* TubeRootViewController.m */,
				3C195E68200CF3C9000A938C /* TubeBundleImageTool.h */,
				3C195E69200CF3C9000A938C /* TubeBundleImageTool.m */,
			);
			path = TubeUIKit;
			sourceTree = "<group>";
		};
		3C195E5E200CBC62000A938C /* Category */ = {
			isa = PBXGroup;
			children = (
				3C195E6E200D0BE4000A938C /* UIView+TubeFrameMargin.h */,
				3C195E6F200D0BE4000A938C /* UIView+TubeFrameMargin.m */,
				3C195E7A200D2681000A938C /* UIImage+ScaleToSize.h */,
				3C195E7B200D2681000A938C /* UIImage+ScaleToSize.m */,
				3C195E83200DACAF000A938C /* NSString+StringKit.h */,
				3C195E84200DACAF000A938C /* NSString+StringKit.m */,
				3C195E89200E2196000A938C /* UINavigationBar+CustomHeight.h */,
				3C195E8A200E2196000A938C /* UINavigationBar+CustomHeight.m */,
				3C195E92200E4C7B000A938C /* UIView+Layout.h */,
				3C195E93200E4C7B000A938C /* UIView+Layout.m */,
			);
			path = Category;
			sourceTree = "<group>";
		};
		3C195E75200D1D35000A938C /* Release */ = {
			isa = PBXGroup;
			children = (
				3C195E77200D1DC8000A938C /* ReleaseTabViewController.h */,
				3C195E78200D1DC8000A938C /* ReleaseTabViewController.m */,
				3C195E7D200D2B28000A938C /* ReleaseViewController.h */,
				3C195E7E200D2B28000A938C /* ReleaseViewController.m */,
			);
			path = Release;
			sourceTree = "<group>";
		};
		3C195FBF20137121000A938C /* Newest */ = {
			isa = PBXGroup;
			children = (
				3C195FC520137AFA000A938C /* NewestViewController.h */,
				3C195FC620137AFA000A938C /* NewestViewController.m */,
			);
			path = Newest;
			sourceTree = "<group>";
		};
		3C195FC020137161000A938C /* Recommend */ = {
			isa = PBXGroup;
			children = (
				3C195FC820137B0D000A938C /* RecommendViewController.h */,
				3C195FC920137B0D000A938C /* RecommendViewController.m */,
			);
			path = Recommend;
			sourceTree = "<group>";
		};
		3C195FC12013717B000A938C /* Author */ = {
			isa = PBXGroup;
			children = (
				3C195FCB20137B1A000A938C /* AuthorViewController.h */,
				3C195FCC20137B1A000A938C /* AuthorViewController.m */,
			);
			path = Author;
			sourceTree = "<group>";
		};
		3C195FC3201371B4000A938C /* Serial */ = {
			isa = PBXGroup;
			children = (
				3C195FCE20137B25000A938C /* SerialViewController.h */,
				3C195FCF20137B25000A938C /* SerialViewController.m */,
			);
			path = Serial;
			sourceTree = "<group>";
		};
		3C195FC4201371D1000A938C /* Topic */ = {
			isa = PBXGroup;
			children = (
				3C195FD120137B31000A938C /* TopicViewController.h */,
				3C195FD220137B31000A938C /* TopicViewController.m */,
			);
			path = Topic;
			sourceTree = "<group>";
		};
		3C195FD720146C55000A938C /* custom */ = {
			isa = PBXGroup;
			children = (
				3C195FD820146C81000A938C /* icon_arrows@2x.png */,
				3C195FD920146C82000A938C /* icon_arrows@3x.png */,
			);
			path = custom;
			sourceTree = "<group>";
		};
		3CA3BF5A200923C400793F3D = {
			isa = PBXGroup;
			children = (
				3CA3BF65200923C400793F3D /* TubeBook_iOS */,
				3CA3BF7E200923C500793F3D /* TubeBook_iOSTests */,
				3CA3BF89200923C500793F3D /* TubeBook_iOSUITests */,
				3CA3BF64200923C400793F3D /* Products */,
				ABA9B973E6F5F5AE91CC7331 /* Pods */,
				8D18D2C767E3A1DF7BF531C7 /* Frameworks */,
			);
			sourceTree = "<group>";
		};
		3CA3BF64200923C400793F3D /* Products */ = {
			isa = PBXGroup;
			children = (
				3CA3BF63200923C400793F3D /* TubeBook_iOS.app */,
				3CA3BF7B200923C500793F3D /* TubeBook_iOSTests.xctest */,
				3CA3BF86200923C500793F3D /* TubeBook_iOSUITests.xctest */,
			);
			name = Products;
			sourceTree = "<group>";
		};
		3CA3BF65200923C400793F3D /* TubeBook_iOS */ = {
			isa = PBXGroup;
			children = (
				3CA3BF66200923C400793F3D /* AppDelegate.h */,
				3CA3BF67200923C400793F3D /* AppDelegate.m */,
				3C195E65200CF019000A938C /* TubeMainTabBarController.h */,
				3C195E66200CF019000A938C /* TubeMainTabBarController.m */,
				3CA3BF98200924A600793F3D /* Classes */,
				3CA3BF6F200923C400793F3D /* Assets.xcassets */,
				3CA3BF99200924EC00793F3D /* Supporting Files */,
			);
			path = TubeBook_iOS;
			sourceTree = "<group>";
		};
		3CA3BF7E200923C500793F3D /* TubeBook_iOSTests */ = {
			isa = PBXGroup;
			children = (
				3CA3BF7F200923C500793F3D /* TubeBook_iOSTests.m */,
				3CA3BF81200923C500793F3D /* Info.plist */,
			);
			path = TubeBook_iOSTests;
			sourceTree = "<group>";
		};
		3CA3BF89200923C500793F3D /* TubeBook_iOSUITests */ = {
			isa = PBXGroup;
			children = (
				3CA3BF8A200923C500793F3D /* TubeBook_iOSUITests.m */,
				3CA3BF8C200923C500793F3D /* Info.plist */,
			);
			path = TubeBook_iOSUITests;
			sourceTree = "<group>";
		};
		3CA3BF98200924A600793F3D /* Classes */ = {
			isa = PBXGroup;
			children = (
				3C195FC4201371D1000A938C /* Topic */,
				3C195FC3201371B4000A938C /* Serial */,
				3C195FC12013717B000A938C /* Author */,
				3C195FC020137161000A938C /* Recommend */,
				3C195FBF20137121000A938C /* Newest */,
				3C195E5E200CBC62000A938C /* Category */,
				3CA3BF9E2009283B00793F3D /* Core */,
				3C136509200A4C2700674726 /* CustomView */,
				3C195E47200BC617000A938C /* Descover */,
				3C195E56200BCD5B000A938C /* Home */,
				3CA3BF9C2009259000793F3D /* Login */,
				3C195E49200BC648000A938C /* Myself */,
				3C195E48200BC63D000A938C /* Message */,
				3C195E75200D1D35000A938C /* Release */,
				3CA3BF9D2009259800793F3D /* Register */,
				3C195E57200BD0E1000A938C /* TubeUIKit */,
				3CA3BF9B2009257A00793F3D /* Utilities */,
			);
			path = Classes;
			sourceTree = "<group>";
		};
		3CA3BF99200924EC00793F3D /* Supporting Files */ = {
			isa = PBXGroup;
			children = (
				3CA3BF9A2009251600793F3D /* Image */,
				3CA3BF75200923C500793F3D /* main.m */,
				3CA3BF74200923C500793F3D /* Info.plist */,
			);
			path = "Supporting Files";
			sourceTree = "<group>";
		};
		3CA3BF9A2009251600793F3D /* Image */ = {
			isa = PBXGroup;
			children = (
				3C195FD720146C55000A938C /* custom */,
				3C195E25200BC503000A938C /* home */,
				3C195E24200BC4D3000A938C /* tab */,
				3C195E20200B9E4F000A938C /* icon_nick@2x.png */,
				3C195E21200B9E4F000A938C /* icon_nick@3x.png */,
				3C195E19200B9310000A938C /* icon_back@2x.png */,
				3C195E1A200B9311000A938C /* icon_back@3x.png */,
				3C136526200A867200674726 /* icon_lock@2x.png */,
				3C136525200A867200674726 /* icon_lock@3x.png */,
				3C136520200A605A00674726 /* icon_close_see@2x.png */,
				3C13651E200A605A00674726 /* icon_close_see@3x.png */,
				3C13651D200A605A00674726 /* icon_open_see@2x.png */,
				3C13651F200A605A00674726 /* icon_open_see@3x.png */,
				3C136519200A5F6C00674726 /* icon_delect@2x.png */,
				3C13651A200A5F6C00674726 /* icon_delect@3x.png */,
				3C195E0C200B3E92000A938C /* icon_user@2x.png */,
				3C195E0D200B3E92000A938C /* icon_user@3x.png */,
			);
			path = Image;
			sourceTree = "<group>";
		};
		3CA3BF9B2009257A00793F3D /* Utilities */ = {
			isa = PBXGroup;
			children = (
				3C136503200A2C4200674726 /* CKMacros.h */,
				3C136504200A2C4200674726 /* CKMacros.m */,
				3C195E8F200E4AF3000A938C /* ChatKitSetting.h */,
				3C195E90200E4AF3000A938C /* ChatKitSetting.m */,
			);
			path = Utilities;
			sourceTree = "<group>";
		};
		3CA3BF9C2009259000793F3D /* Login */ = {
			isa = PBXGroup;
			children = (
				3C136506200A4B7B00674726 /* LoginUIViewController.h */,
				3C136529200A86C400674726 /* LoginUIViewController.m */,
			);
			path = Login;
			sourceTree = "<group>";
		};
		3CA3BF9D2009259800793F3D /* Register */ = {
			isa = PBXGroup;
			children = (
				3C195E13200B7F97000A938C /* RegisterViewController.h */,
				3C195E14200B7F97000A938C /* RegisterViewController.m */,
			);
			path = Register;
			sourceTree = "<group>";
		};
		3CA3BF9E2009283B00793F3D /* Core */ = {
			isa = PBXGroup;
			children = (
			);
			path = Core;
			sourceTree = "<group>";
		};
		8D18D2C767E3A1DF7BF531C7 /* Frameworks */ = {
			isa = PBXGroup;
			children = (
				2567840B84BD0DEFDDB61B94 /* libPods-TubeBook_iOS.a */,
			);
			name = Frameworks;
			sourceTree = "<group>";
		};
		ABA9B973E6F5F5AE91CC7331 /* Pods */ = {
			isa = PBXGroup;
			children = (
				F4DE45391D20C470D10392BD /* Pods-TubeBook_iOS.debug.xcconfig */,
				1EA01C83617FF5AE12BB0DE8 /* Pods-TubeBook_iOS.release.xcconfig */,
			);
			name = Pods;
			sourceTree = "<group>";
		};
/* End PBXGroup section */

/* Begin PBXNativeTarget section */
		3CA3BF62200923C400793F3D /* TubeBook_iOS */ = {
			isa = PBXNativeTarget;
			buildConfigurationList = 3CA3BF8F200923C500793F3D /* Build configuration list for PBXNativeTarget "TubeBook_iOS" */;
			buildPhases = (
				ECDD0F50CA20ED7C6701EC6D /* [CP] Check Pods Manifest.lock */,
				3CA3BF5F200923C400793F3D /* Sources */,
				3CA3BF60200923C400793F3D /* Frameworks */,
				3CA3BF61200923C400793F3D /* Resources */,
				EDC3C6C947C4FE9BC431A837 /* [CP] Embed Pods Frameworks */,
				095D1349EFBABB199D120E03 /* [CP] Copy Pods Resources */,
			);
			buildRules = (
			);
			dependencies = (
			);
			name = TubeBook_iOS;
			productName = TubeBook_iOS;
			productReference = 3CA3BF63200923C400793F3D /* TubeBook_iOS.app */;
			productType = "com.apple.product-type.application";
		};
		3CA3BF7A200923C500793F3D /* TubeBook_iOSTests */ = {
			isa = PBXNativeTarget;
			buildConfigurationList = 3CA3BF92200923C500793F3D /* Build configuration list for PBXNativeTarget "TubeBook_iOSTests" */;
			buildPhases = (
				3CA3BF77200923C500793F3D /* Sources */,
				3CA3BF78200923C500793F3D /* Frameworks */,
				3CA3BF79200923C500793F3D /* Resources */,
			);
			buildRules = (
			);
			dependencies = (
				3CA3BF7D200923C500793F3D /* PBXTargetDependency */,
			);
			name = TubeBook_iOSTests;
			productName = TubeBook_iOSTests;
			productReference = 3CA3BF7B200923C500793F3D /* TubeBook_iOSTests.xctest */;
			productType = "com.apple.product-type.bundle.unit-test";
		};
		3CA3BF85200923C500793F3D /* TubeBook_iOSUITests */ = {
			isa = PBXNativeTarget;
			buildConfigurationList = 3CA3BF95200923C500793F3D /* Build configuration list for PBXNativeTarget "TubeBook_iOSUITests" */;
			buildPhases = (
				3CA3BF82200923C500793F3D /* Sources */,
				3CA3BF83200923C500793F3D /* Frameworks */,
				3CA3BF84200923C500793F3D /* Resources */,
			);
			buildRules = (
			);
			dependencies = (
				3CA3BF88200923C500793F3D /* PBXTargetDependency */,
			);
			name = TubeBook_iOSUITests;
			productName = TubeBook_iOSUITests;
			productReference = 3CA3BF86200923C500793F3D /* TubeBook_iOSUITests.xctest */;
			productType = "com.apple.product-type.bundle.ui-testing";
		};
/* End PBXNativeTarget section */

/* Begin PBXProject section */
		3CA3BF5B200923C400793F3D /* Project object */ = {
			isa = PBXProject;
			attributes = {
				LastUpgradeCheck = 0920;
				ORGANIZATIONNAME = "柯建芳";
				TargetAttributes = {
					3CA3BF62200923C400793F3D = {
						CreatedOnToolsVersion = 9.2;
						ProvisioningStyle = Automatic;
					};
					3CA3BF7A200923C500793F3D = {
						CreatedOnToolsVersion = 9.2;
						ProvisioningStyle = Automatic;
						TestTargetID = 3CA3BF62200923C400793F3D;
					};
					3CA3BF85200923C500793F3D = {
						CreatedOnToolsVersion = 9.2;
						ProvisioningStyle = Automatic;
						TestTargetID = 3CA3BF62200923C400793F3D;
					};
				};
			};
			buildConfigurationList = 3CA3BF5E200923C400793F3D /* Build configuration list for PBXProject "TubeBook_iOS" */;
			compatibilityVersion = "Xcode 8.0";
			developmentRegion = en;
			hasScannedForEncodings = 0;
			knownRegions = (
				en,
				Base,
			);
			mainGroup = 3CA3BF5A200923C400793F3D;
			productRefGroup = 3CA3BF64200923C400793F3D /* Products */;
			projectDirPath = "";
			projectRoot = "";
			targets = (
				3CA3BF62200923C400793F3D /* TubeBook_iOS */,
				3CA3BF7A200923C500793F3D /* TubeBook_iOSTests */,
				3CA3BF85200923C500793F3D /* TubeBook_iOSUITests */,
			);
		};
/* End PBXProject section */

/* Begin PBXResourcesBuildPhase section */
		3CA3BF61200923C400793F3D /* Resources */ = {
			isa = PBXResourcesBuildPhase;
			buildActionMask = 2147483647;
			files = (
				3C195E44200BC52B000A938C /* icon_normal_home@3x.png in Resources */,
				3C195E22200B9E50000A938C /* icon_nick@2x.png in Resources */,
				3C195E43200BC52B000A938C /* icon_light_discover@2x.png in Resources */,
				3C195E41200BC52B000A938C /* icon_normal_message@2x.png in Resources */,
				3C195E3A200BC52B000A938C /* icon_normal_message@3x.png in Resources */,
				3CA3BF70200923C400793F3D /* Assets.xcassets in Resources */,
				3C136524200A605A00674726 /* icon_close_see@2x.png in Resources */,
				3C195E42200BC52B000A938C /* icon_normal_home@2x.png in Resources */,
				3C195E74200D1D08000A938C /* icon_add@2x.png in Resources */,
				3C195FB5201323D5000A938C /* icon_search@2x.png in Resources */,
				3C195E1B200B9311000A938C /* icon_back@2x.png in Resources */,
				3C195E3C200BC52B000A938C /* icon_normal_discover@2x.png in Resources */,
				3C195E0E200B3E92000A938C /* icon_user@2x.png in Resources */,
				3C13651B200A5F6C00674726 /* icon_delect@2x.png in Resources */,
				3C195E3E200BC52B000A938C /* icon_normal_discover@3x.png in Resources */,
				3C195E36200BC52B000A938C /* icon_light_discover@3x.png in Resources */,
				3C195E3F200BC52B000A938C /* icon_light_message@3x.png in Resources */,
				3C195E23200B9E50000A938C /* icon_nick@3x.png in Resources */,
				3C195E38200BC52B000A938C /* icon_light_message@2x.png in Resources */,
				3C195E0F200B3E92000A938C /* icon_user@3x.png in Resources */,
				3C136521200A605A00674726 /* icon_open_see@2x.png in Resources */,
				3C195E45200BC52B000A938C /* icon_normal_myself@3x.png in Resources */,
				3C195E3D200BC52B000A938C /* icon_normal_myself@2x.png in Resources */,
				3C136528200A867200674726 /* icon_lock@2x.png in Resources */,
				3C136527200A867200674726 /* icon_lock@3x.png in Resources */,
				3C195E39200BC52B000A938C /* icon_light_myself@3x.png in Resources */,
				3C13651C200A5F6C00674726 /* icon_delect@3x.png in Resources */,
				3C195E40200BC52B000A938C /* icon_light_myself@2x.png in Resources */,
				3C195FDA20146C82000A938C /* icon_arrows@2x.png in Resources */,
				3C195E37200BC52B000A938C /* icon_light_home@3x.png in Resources */,
				3C195FBE20134DFF000A938C /* icon_add_ attention@3x.png in Resources */,
				3C195FB6201323D5000A938C /* icon_search@3x.png in Resources */,
				3C195E3B200BC52B000A938C /* icon_light_home@2x.png in Resources */,
				3C136522200A605A00674726 /* icon_close_see@3x.png in Resources */,
				3C195FDB20146C82000A938C /* icon_arrows@3x.png in Resources */,
				3C195E1C200B9311000A938C /* icon_back@3x.png in Resources */,
				3C195FBD20134DFF000A938C /* icon_add_ attention@2x.png in Resources */,
				3C195E73200D1D08000A938C /* icon_add@3x.png in Resources */,
				3C136523200A605A00674726 /* icon_open_see@3x.png in Resources */,
			);
			runOnlyForDeploymentPostprocessing = 0;
		};
		3CA3BF79200923C500793F3D /* Resources */ = {
			isa = PBXResourcesBuildPhase;
			buildActionMask = 2147483647;
			files = (
			);
			runOnlyForDeploymentPostprocessing = 0;
		};
		3CA3BF84200923C500793F3D /* Resources */ = {
			isa = PBXResourcesBuildPhase;
			buildActionMask = 2147483647;
			files = (
			);
			runOnlyForDeploymentPostprocessing = 0;
		};
/* End PBXResourcesBuildPhase section */

/* Begin PBXShellScriptBuildPhase section */
		095D1349EFBABB199D120E03 /* [CP] Copy Pods Resources */ = {
			isa = PBXShellScriptBuildPhase;
			buildActionMask = 2147483647;
			files = (
			);
			inputPaths = (
			);
			name = "[CP] Copy Pods Resources";
			outputPaths = (
			);
			runOnlyForDeploymentPostprocessing = 0;
			shellPath = /bin/sh;
			shellScript = "\"${SRCROOT}/Pods/Target Support Files/Pods-TubeBook_iOS/Pods-TubeBook_iOS-resources.sh\"\n";
			showEnvVarsInLog = 0;
		};
		ECDD0F50CA20ED7C6701EC6D /* [CP] Check Pods Manifest.lock */ = {
			isa = PBXShellScriptBuildPhase;
			buildActionMask = 2147483647;
			files = (
			);
			inputPaths = (
				"${PODS_PODFILE_DIR_PATH}/Podfile.lock",
				"${PODS_ROOT}/Manifest.lock",
			);
			name = "[CP] Check Pods Manifest.lock";
			outputPaths = (
				"$(DERIVED_FILE_DIR)/Pods-TubeBook_iOS-checkManifestLockResult.txt",
			);
			runOnlyForDeploymentPostprocessing = 0;
			shellPath = /bin/sh;
			shellScript = "diff \"${PODS_PODFILE_DIR_PATH}/Podfile.lock\" \"${PODS_ROOT}/Manifest.lock\" > /dev/null\nif [ $? != 0 ] ; then\n    # print error to STDERR\n    echo \"error: The sandbox is not in sync with the Podfile.lock. Run 'pod install' or update your CocoaPods installation.\" >&2\n    exit 1\nfi\n# This output is used by Xcode 'outputs' to avoid re-running this script phase.\necho \"SUCCESS\" > \"${SCRIPT_OUTPUT_FILE_0}\"\n";
			showEnvVarsInLog = 0;
		};
		EDC3C6C947C4FE9BC431A837 /* [CP] Embed Pods Frameworks */ = {
			isa = PBXShellScriptBuildPhase;
			buildActionMask = 2147483647;
			files = (
			);
			inputPaths = (
			);
			name = "[CP] Embed Pods Frameworks";
			outputPaths = (
			);
			runOnlyForDeploymentPostprocessing = 0;
			shellPath = /bin/sh;
			shellScript = "\"${SRCROOT}/Pods/Target Support Files/Pods-TubeBook_iOS/Pods-TubeBook_iOS-frameworks.sh\"\n";
			showEnvVarsInLog = 0;
		};
/* End PBXShellScriptBuildPhase section */

/* Begin PBXSourcesBuildPhase section */
		3CA3BF5F200923C400793F3D /* Sources */ = {
			isa = PBXSourcesBuildPhase;
			buildActionMask = 2147483647;
			files = (
				3C195FD320137B31000A938C /* TopicViewController.m in Sources */,
				3C13650C200A4D9E00674726 /* UIImageFieldView.m in Sources */,
				3C195E70200D0BE4000A938C /* UIView+TubeFrameMargin.m in Sources */,
				3C195FCA20137B0D000A938C /* RecommendViewController.m in Sources */,
				3C195FCD20137B1A000A938C /* AuthorViewController.m in Sources */,
				3C195E4F200BC6A2000A938C /* MessageTabViewController.m in Sources */,
				3C136505200A2C4200674726 /* CKMacros.m in Sources */,
				3CA3BF76200923C500793F3D /* main.m in Sources */,
				3C195FBA20133C03000A938C /* UITubeHomeNavigationView.m in Sources */,
				3C13652A200A86C500674726 /* LoginUIViewController.m in Sources */,
				3C195E4C200BC692000A938C /* MyselfTabViewController.m in Sources */,
				3C195FD020137B25000A938C /* SerialViewController.m in Sources */,
				3C195E5D200BD2F6000A938C /* TubeRootViewController.m in Sources */,
				3C195E1F200B9C1E000A938C /* UIRectangleView.m in Sources */,
				3C195E85200DACAF000A938C /* NSString+StringKit.m in Sources */,
				3C195E8B200E2196000A938C /* UINavigationBar+CustomHeight.m in Sources */,
				3C195E15200B7F97000A938C /* RegisterViewController.m in Sources */,
				3C195FAE201320D7000A938C /* UITubeSearchView.m in Sources */,
				3C195FC720137AFA000A938C /* NewestViewController.m in Sources */,
				3C195E7C200D2681000A938C /* UIImage+ScaleToSize.m in Sources */,
				3C195E8E200E4A5F000A938C /* CKTextView.m in Sources */,
				3C195E79200D1DC8000A938C /* ReleaseTabViewController.m in Sources */,
				3C195E18200B900C000A938C /* TubeNavigationUITool.m in Sources */,
				3C195E82200DA45A000A938C /* UIIndicatorView.m in Sources */,
				3C195E55200BC6C0000A938C /* HomeTabViewController.m in Sources */,
				3C195E94200E4C7B000A938C /* UIView+Layout.m in Sources */,
				3C195FD620146871000A938C /* UIRefreshTableView.m in Sources */,
				3C195E6A200CF3C9000A938C /* TubeBundleImageTool.m in Sources */,
				3CA3BF68200923C400793F3D /* AppDelegate.m in Sources */,
				3C195E12200B3FDE000A938C /* UITubeButton.m in Sources */,
				3C195E52200BC6B2000A938C /* DescoverTabViewController.m in Sources */,
				3C195EC0200F2C16000A938C /* TubeToolBar.m in Sources */,
				3C195E7F200D2B28000A938C /* ReleaseViewController.m in Sources */,
				3C195E91200E4AF3000A938C /* ChatKitSetting.m in Sources */,
				3C195E67200CF019000A938C /* TubeMainTabBarController.m in Sources */,
			);
			runOnlyForDeploymentPostprocessing = 0;
		};
		3CA3BF77200923C500793F3D /* Sources */ = {
			isa = PBXSourcesBuildPhase;
			buildActionMask = 2147483647;
			files = (
				3CA3BF80200923C500793F3D /* TubeBook_iOSTests.m in Sources */,
			);
			runOnlyForDeploymentPostprocessing = 0;
		};
		3CA3BF82200923C500793F3D /* Sources */ = {
			isa = PBXSourcesBuildPhase;
			buildActionMask = 2147483647;
			files = (
				3CA3BF8B200923C500793F3D /* TubeBook_iOSUITests.m in Sources */,
			);
			runOnlyForDeploymentPostprocessing = 0;
		};
/* End PBXSourcesBuildPhase section */

/* Begin PBXTargetDependency section */
		3CA3BF7D200923C500793F3D /* PBXTargetDependency */ = {
			isa = PBXTargetDependency;
			target = 3CA3BF62200923C400793F3D /* TubeBook_iOS */;
			targetProxy = 3CA3BF7C200923C500793F3D /* PBXContainerItemProxy */;
		};
		3CA3BF88200923C500793F3D /* PBXTargetDependency */ = {
			isa = PBXTargetDependency;
			target = 3CA3BF62200923C400793F3D /* TubeBook_iOS */;
			targetProxy = 3CA3BF87200923C500793F3D /* PBXContainerItemProxy */;
		};
/* End PBXTargetDependency section */

/* Begin XCBuildConfiguration section */
		3CA3BF8D200923C500793F3D /* Debug */ = {
			isa = XCBuildConfiguration;
			buildSettings = {
				ALWAYS_SEARCH_USER_PATHS = NO;
				CLANG_ANALYZER_NONNULL = YES;
				CLANG_ANALYZER_NUMBER_OBJECT_CONVERSION = YES_AGGRESSIVE;
				CLANG_CXX_LANGUAGE_STANDARD = "gnu++14";
				CLANG_CXX_LIBRARY = "libc++";
				CLANG_ENABLE_MODULES = YES;
				CLANG_ENABLE_OBJC_ARC = YES;
				CLANG_WARN_BLOCK_CAPTURE_AUTORELEASING = YES;
				CLANG_WARN_BOOL_CONVERSION = YES;
				CLANG_WARN_COMMA = YES;
				CLANG_WARN_CONSTANT_CONVERSION = YES;
				CLANG_WARN_DIRECT_OBJC_ISA_USAGE = YES_ERROR;
				CLANG_WARN_DOCUMENTATION_COMMENTS = YES;
				CLANG_WARN_EMPTY_BODY = YES;
				CLANG_WARN_ENUM_CONVERSION = YES;
				CLANG_WARN_INFINITE_RECURSION = YES;
				CLANG_WARN_INT_CONVERSION = YES;
				CLANG_WARN_NON_LITERAL_NULL_CONVERSION = YES;
				CLANG_WARN_OBJC_LITERAL_CONVERSION = YES;
				CLANG_WARN_OBJC_ROOT_CLASS = YES_ERROR;
				CLANG_WARN_RANGE_LOOP_ANALYSIS = YES;
				CLANG_WARN_STRICT_PROTOTYPES = YES;
				CLANG_WARN_SUSPICIOUS_MOVE = YES;
				CLANG_WARN_UNGUARDED_AVAILABILITY = YES_AGGRESSIVE;
				CLANG_WARN_UNREACHABLE_CODE = YES;
				CLANG_WARN__DUPLICATE_METHOD_MATCH = YES;
				CODE_SIGN_IDENTITY = "iPhone Developer";
				COPY_PHASE_STRIP = NO;
				DEBUG_INFORMATION_FORMAT = dwarf;
				ENABLE_STRICT_OBJC_MSGSEND = YES;
				ENABLE_TESTABILITY = YES;
				GCC_C_LANGUAGE_STANDARD = gnu11;
				GCC_DYNAMIC_NO_PIC = NO;
				GCC_NO_COMMON_BLOCKS = YES;
				GCC_OPTIMIZATION_LEVEL = 0;
				GCC_PREPROCESSOR_DEFINITIONS = (
					"DEBUG=1",
					"$(inherited)",
				);
				GCC_WARN_64_TO_32_BIT_CONVERSION = YES;
				GCC_WARN_ABOUT_RETURN_TYPE = YES_ERROR;
				GCC_WARN_UNDECLARED_SELECTOR = YES;
				GCC_WARN_UNINITIALIZED_AUTOS = YES_AGGRESSIVE;
				GCC_WARN_UNUSED_FUNCTION = YES;
				GCC_WARN_UNUSED_VARIABLE = YES;
				IPHONEOS_DEPLOYMENT_TARGET = 11.2;
				MTL_ENABLE_DEBUG_INFO = YES;
				ONLY_ACTIVE_ARCH = YES;
				SDKROOT = iphoneos;
			};
			name = Debug;
		};
		3CA3BF8E200923C500793F3D /* Release */ = {
			isa = XCBuildConfiguration;
			buildSettings = {
				ALWAYS_SEARCH_USER_PATHS = NO;
				CLANG_ANALYZER_NONNULL = YES;
				CLANG_ANALYZER_NUMBER_OBJECT_CONVERSION = YES_AGGRESSIVE;
				CLANG_CXX_LANGUAGE_STANDARD = "gnu++14";
				CLANG_CXX_LIBRARY = "libc++";
				CLANG_ENABLE_MODULES = YES;
				CLANG_ENABLE_OBJC_ARC = YES;
				CLANG_WARN_BLOCK_CAPTURE_AUTORELEASING = YES;
				CLANG_WARN_BOOL_CONVERSION = YES;
				CLANG_WARN_COMMA = YES;
				CLANG_WARN_CONSTANT_CONVERSION = YES;
				CLANG_WARN_DIRECT_OBJC_ISA_USAGE = YES_ERROR;
				CLANG_WARN_DOCUMENTATION_COMMENTS = YES;
				CLANG_WARN_EMPTY_BODY = YES;
				CLANG_WARN_ENUM_CONVERSION = YES;
				CLANG_WARN_INFINITE_RECURSION = YES;
				CLANG_WARN_INT_CONVERSION = YES;
				CLANG_WARN_NON_LITERAL_NULL_CONVERSION = YES;
				CLANG_WARN_OBJC_LITERAL_CONVERSION = YES;
				CLANG_WARN_OBJC_ROOT_CLASS = YES_ERROR;
				CLANG_WARN_RANGE_LOOP_ANALYSIS = YES;
				CLANG_WARN_STRICT_PROTOTYPES = YES;
				CLANG_WARN_SUSPICIOUS_MOVE = YES;
				CLANG_WARN_UNGUARDED_AVAILABILITY = YES_AGGRESSIVE;
				CLANG_WARN_UNREACHABLE_CODE = YES;
				CLANG_WARN__DUPLICATE_METHOD_MATCH = YES;
				CODE_SIGN_IDENTITY = "iPhone Developer";
				COPY_PHASE_STRIP = NO;
				DEBUG_INFORMATION_FORMAT = "dwarf-with-dsym";
				ENABLE_NS_ASSERTIONS = NO;
				ENABLE_STRICT_OBJC_MSGSEND = YES;
				GCC_C_LANGUAGE_STANDARD = gnu11;
				GCC_NO_COMMON_BLOCKS = YES;
				GCC_WARN_64_TO_32_BIT_CONVERSION = YES;
				GCC_WARN_ABOUT_RETURN_TYPE = YES_ERROR;
				GCC_WARN_UNDECLARED_SELECTOR = YES;
				GCC_WARN_UNINITIALIZED_AUTOS = YES_AGGRESSIVE;
				GCC_WARN_UNUSED_FUNCTION = YES;
				GCC_WARN_UNUSED_VARIABLE = YES;
				IPHONEOS_DEPLOYMENT_TARGET = 11.2;
				MTL_ENABLE_DEBUG_INFO = NO;
				SDKROOT = iphoneos;
				VALIDATE_PRODUCT = YES;
			};
			name = Release;
		};
		3CA3BF90200923C500793F3D /* Debug */ = {
			isa = XCBuildConfiguration;
			baseConfigurationReference = F4DE45391D20C470D10392BD /* Pods-TubeBook_iOS.debug.xcconfig */;
			buildSettings = {
				ASSETCATALOG_COMPILER_APPICON_NAME = AppIcon;
				ASSETCATALOG_COMPILER_LAUNCHIMAGE_NAME = LaunchImage;
				CODE_SIGN_STYLE = Automatic;
				DEVELOPMENT_TEAM = 3G6Y674Y5K;
				INFOPLIST_FILE = "TubeBook_iOS/Supporting Files/Info.plist";
				IPHONEOS_DEPLOYMENT_TARGET = 11.2;
				LD_RUNPATH_SEARCH_PATHS = "$(inherited) @executable_path/Frameworks";
				PRODUCT_BUNDLE_IDENTIFIER = "com.kesion.TubeBook-iOS";
				PRODUCT_NAME = "$(TARGET_NAME)";
				TARGETED_DEVICE_FAMILY = "1,2";
			};
			name = Debug;
		};
		3CA3BF91200923C500793F3D /* Release */ = {
			isa = XCBuildConfiguration;
			baseConfigurationReference = 1EA01C83617FF5AE12BB0DE8 /* Pods-TubeBook_iOS.release.xcconfig */;
			buildSettings = {
				ASSETCATALOG_COMPILER_APPICON_NAME = AppIcon;
				ASSETCATALOG_COMPILER_LAUNCHIMAGE_NAME = LaunchImage;
				CODE_SIGN_STYLE = Automatic;
				DEVELOPMENT_TEAM = 3G6Y674Y5K;
				INFOPLIST_FILE = "TubeBook_iOS/Supporting Files/Info.plist";
				IPHONEOS_DEPLOYMENT_TARGET = 11.2;
				LD_RUNPATH_SEARCH_PATHS = "$(inherited) @executable_path/Frameworks";
				PRODUCT_BUNDLE_IDENTIFIER = "com.kesion.TubeBook-iOS";
				PRODUCT_NAME = "$(TARGET_NAME)";
				TARGETED_DEVICE_FAMILY = "1,2";
			};
			name = Release;
		};
		3CA3BF93200923C500793F3D /* Debug */ = {
			isa = XCBuildConfiguration;
			buildSettings = {
				BUNDLE_LOADER = "$(TEST_HOST)";
				CODE_SIGN_STYLE = Automatic;
				DEVELOPMENT_TEAM = 3G6Y674Y5K;
				INFOPLIST_FILE = "TubeBook_iOS/Supporting Files/Info.plist";
				LD_RUNPATH_SEARCH_PATHS = "$(inherited) @executable_path/Frameworks @loader_path/Frameworks";
				PRODUCT_BUNDLE_IDENTIFIER = "com.kesion.TubeBook-iOSTests";
				PRODUCT_NAME = "$(TARGET_NAME)";
				TARGETED_DEVICE_FAMILY = "1,2";
				TEST_HOST = "$(BUILT_PRODUCTS_DIR)/TubeBook_iOS.app/TubeBook_iOS";
			};
			name = Debug;
		};
		3CA3BF94200923C500793F3D /* Release */ = {
			isa = XCBuildConfiguration;
			buildSettings = {
				BUNDLE_LOADER = "$(TEST_HOST)";
				CODE_SIGN_STYLE = Automatic;
				DEVELOPMENT_TEAM = 3G6Y674Y5K;
				INFOPLIST_FILE = "TubeBook_iOS/Supporting Files/Info.plist";
				LD_RUNPATH_SEARCH_PATHS = "$(inherited) @executable_path/Frameworks @loader_path/Frameworks";
				PRODUCT_BUNDLE_IDENTIFIER = "com.kesion.TubeBook-iOSTests";
				PRODUCT_NAME = "$(TARGET_NAME)";
				TARGETED_DEVICE_FAMILY = "1,2";
				TEST_HOST = "$(BUILT_PRODUCTS_DIR)/TubeBook_iOS.app/TubeBook_iOS";
			};
			name = Release;
		};
		3CA3BF96200923C500793F3D /* Debug */ = {
			isa = XCBuildConfiguration;
			buildSettings = {
				CODE_SIGN_STYLE = Automatic;
				DEVELOPMENT_TEAM = 3G6Y674Y5K;
				INFOPLIST_FILE = "TubeBook_iOS/Supporting Files/Info.plist";
				LD_RUNPATH_SEARCH_PATHS = "$(inherited) @executable_path/Frameworks @loader_path/Frameworks";
				PRODUCT_BUNDLE_IDENTIFIER = "com.kesion.TubeBook-iOSUITests";
				PRODUCT_NAME = "$(TARGET_NAME)";
				TARGETED_DEVICE_FAMILY = "1,2";
				TEST_TARGET_NAME = TubeBook_iOS;
			};
			name = Debug;
		};
		3CA3BF97200923C500793F3D /* Release */ = {
			isa = XCBuildConfiguration;
			buildSettings = {
				CODE_SIGN_STYLE = Automatic;
				DEVELOPMENT_TEAM = 3G6Y674Y5K;
				INFOPLIST_FILE = "TubeBook_iOS/Supporting Files/Info.plist";
				LD_RUNPATH_SEARCH_PATHS = "$(inherited) @executable_path/Frameworks @loader_path/Frameworks";
				PRODUCT_BUNDLE_IDENTIFIER = "com.kesion.TubeBook-iOSUITests";
				PRODUCT_NAME = "$(TARGET_NAME)";
				TARGETED_DEVICE_FAMILY = "1,2";
				TEST_TARGET_NAME = TubeBook_iOS;
			};
			name = Release;
		};
/* End XCBuildConfiguration section */

/* Begin XCConfigurationList section */
		3CA3BF5E200923C400793F3D /* Build configuration list for PBXProject "TubeBook_iOS" */ = {
			isa = XCConfigurationList;
			buildConfigurations = (
				3CA3BF8D200923C500793F3D /* Debug */,
				3CA3BF8E200923C500793F3D /* Release */,
			);
			defaultConfigurationIsVisible = 0;
			defaultConfigurationName = Release;
		};
		3CA3BF8F200923C500793F3D /* Build configuration list for PBXNativeTarget "TubeBook_iOS" */ = {
			isa = XCConfigurationList;
			buildConfigurations = (
				3CA3BF90200923C500793F3D /* Debug */,
				3CA3BF91200923C500793F3D /* Release */,
			);
			defaultConfigurationIsVisible = 0;
			defaultConfigurationName = Release;
		};
		3CA3BF92200923C500793F3D /* Build configuration list for PBXNativeTarget "TubeBook_iOSTests" */ = {
			isa = XCConfigurationList;
			buildConfigurations = (
				3CA3BF93200923C500793F3D /* Debug */,
				3CA3BF94200923C500793F3D /* Release */,
			);
			defaultConfigurationIsVisible = 0;
			defaultConfigurationName = Release;
		};
		3CA3BF95200923C500793F3D /* Build configuration list for PBXNativeTarget "TubeBook_iOSUITests" */ = {
			isa = XCConfigurationList;
			buildConfigurations = (
				3CA3BF96200923C500793F3D /* Debug */,
				3CA3BF97200923C500793F3D /* Release */,
			);
			defaultConfigurationIsVisible = 0;
			defaultConfigurationName = Release;
		};
/* End XCConfigurationList section */
	};
	rootObject = 3CA3BF5B200923C400793F3D /* Project object */;
}
